[0m[1mRefreshing Terraform state in-memory prior to plan...[0m
The refreshed state will be used to calculate this plan, but will not be
persisted to local or remote state storage.
[0m
[0m[1mmodule.lockingDB.aws_dynamodb_table.terraform_state_table: Refreshing state... [id=terraform-state][0m
[0m[1mmodule.stateS3.aws_s3_bucket.s3_bucket: Refreshing state... [id=codingtips-java-kdb][0m
[0m[1mdata.aws_iam_policy_document.api-gateway-logs-policy-document: Refreshing state...[0m
[0m[1mdata.aws_iam_policy_document.cloudwatch_assumerole_policy_document: Refreshing state...[0m
[0m[1mdata.aws_iam_policy.aws_xray_write_only_access: Refreshing state...[0m
[0m[1mmodule.tipsDB.aws_dynamodb_table.codingtips-dynamodb-table: Refreshing state... [id=CodingTips-java-dynamodb][0m
[0m[1mdata.aws_iam_policy_document.api_gateway_assumerole_policy_document: Refreshing state...[0m
[0m[1mmodule.lockingDB.aws_iam_user_policy.user_state_table_policy: Refreshing state... [id=Ken:state_table_policy][0m
[0m[1mmodule.stateS3.aws_iam_user_policy.user_s3_access_policy: Refreshing state... [id=Ken:Terraform_S3][0m

------------------------------------------------------------------------

An execution plan has been generated and is shown below.
Resource actions are indicated with the following symbols:
  [32m+[0m create
 [36m<=[0m read (data resources)
[0m
Terraform will perform the following actions:

[1m  # data.template_file.codingtips_api_swagger[0m will be read during apply
  # (config refers to values not yet known)[0m[0m
[0m[36m <=[0m [0mdata "template_file" "codingtips_api_swagger"  {
      [32m+[0m [0m[1m[0mid[0m[0m       = (known after apply)
      [32m+[0m [0m[1m[0mrendered[0m[0m = (known after apply)
      [32m+[0m [0m[1m[0mtemplate[0m[0m = "---\r\nopenapi: 3.0.0\r\ninfo:\r\n  description: API to access codingtips application\r\n  version: '1'\r\n  title: ${name}\r\npaths:\r\n  \"/codingtips\":\r\n    get:\r\n      description: \"Get coding tips\"\r\n      responses:\r\n        '200':\r\n          description: \"The codingtips request successful.\"\r\n          content:\r\n            application/json:\r\n              schema:\r\n                type: array\r\n                items:\r\n                  $ref: \"#/components/schemas/CodingTip\"\r\n      x-amazon-apigateway-integration:\r\n        uri: ${get_lambda_arn}\r\n        passthroughBehavior: \"when_no_match\"\r\n        httpMethod: \"POST\"\r\n        type: \"aws_proxy\"\r\n    post:\r\n      description: \"Post a codingtip\"\r\n      responses:\r\n        '201':\r\n          description: 200 response\r\n          content:\r\n            application/json:\r\n              schema:\r\n                \"$ref\": \"#/components/schemas/CodingTip\"\r\n      x-amazon-apigateway-integration:\r\n        uri: ${post_lambda_arn}\r\n        passthroughBehavior: \"when_no_match\"\r\n        httpMethod: \"POST\"\r\n        type: \"aws_proxy\"\r\n    options:\r\n      description: For CORS support\r\n      responses:\r\n        200:\r\n          description: 200 OK\r\n          headers:\r\n            Access-Control-Allow-Methods:\r\n              schema:\r\n                type: string\r\n            Access-Control-Allow-Headers:\r\n              schema:\r\n                type: string\r\n            Access-Control-Allow-Origin:\r\n              schema:\r\n                type: string\r\n      x-amazon-apigateway-integration:\r\n        responses:\r\n          default:\r\n            statusCode: 200\r\n            responseParameters:\r\n              method.response.header.Access-Control-Allow-Methods: \"'GET,OPTIONS'\"\r\n              method.response.header.Access-Control-Allow-Headers: \"'Content-Type,Authorization,X-Amz-Date,X-Api-Key,X-Amz-Security-Token'\"\r\n              method.response.header.Access-Control-Allow-Origin: \"'*'\"\r\n        passthroughBehavior: when_no_match\r\n        requestTemplates:\r\n          application/json: \"{\\\"statusCode\\\": 200}\"\r\n        type: mock\r\n        contentHandling: CONVERT_TO_TEXT\r\nservers:\r\n  - url: \"/\"\r\ncomponents:\r\n  schemas:\r\n    CodingTip:\r\n      type: object\r\n      description: \"A coding tip\"\r\n      properties:\r\n        tip:\r\n          type: string\r\n          description: \"The coding tip\"\r\n        date:\r\n          type: number\r\n          description: \"date in millis when tip was entered\"\r\n        author:\r\n          type: string\r\n          description: \"Author of the coding tip\"\r\n        category:\r\n          type: string\r\n          description: \"category of the coding tip\"\r\n      required:\r\n        - tip\r\n"
      [32m+[0m [0m[1m[0mvars[0m[0m     = {
          [32m+[0m [0m"get_lambda_arn"  = (known after apply)
          [32m+[0m [0m"name"            = "CodingTips-java-API"
          [32m+[0m [0m"post_lambda_arn" = (known after apply)
        }
    }

[1m  # aws_api_gateway_deployment.codingtips-api-gateway-deployment[0m will be created[0m[0m
[0m[32m  +[0m [0mresource "aws_api_gateway_deployment" "codingtips-api-gateway-deployment" {
      [32m+[0m [0m[1m[0mcreated_date[0m[0m  = (known after apply)
      [32m+[0m [0m[1m[0mexecution_arn[0m[0m = (known after apply)
      [32m+[0m [0m[1m[0mid[0m[0m            = (known after apply)
      [32m+[0m [0m[1m[0minvoke_url[0m[0m    = (known after apply)
      [32m+[0m [0m[1m[0mrest_api_id[0m[0m   = (known after apply)
      [32m+[0m [0m[1m[0mstage_name[0m[0m    = "default"
    }

[1m  # aws_api_gateway_method_settings.settings[0m will be created[0m[0m
[0m[32m  +[0m [0mresource "aws_api_gateway_method_settings" "settings" {
      [32m+[0m [0m[1m[0mid[0m[0m          = (known after apply)
      [32m+[0m [0m[1m[0mmethod_path[0m[0m = "*/*"
      [32m+[0m [0m[1m[0mrest_api_id[0m[0m = (known after apply)
      [32m+[0m [0m[1m[0mstage_name[0m[0m  = "default"

      [32m+[0m [0msettings {
          [32m+[0m [0m[1m[0mlogging_level[0m[0m          = "INFO"
          [32m+[0m [0m[1m[0mmetrics_enabled[0m[0m        = true
          [32m+[0m [0m[1m[0mthrottling_burst_limit[0m[0m = 10
          [32m+[0m [0m[1m[0mthrottling_rate_limit[0m[0m  = 10
        }
    }

[1m  # aws_api_gateway_rest_api.codingtips-api-gateway[0m will be created[0m[0m
[0m[32m  +[0m [0mresource "aws_api_gateway_rest_api" "codingtips-api-gateway" {
      [32m+[0m [0m[1m[0mapi_key_source[0m[0m           = "HEADER"
      [32m+[0m [0m[1m[0mbody[0m[0m                     = (known after apply)
      [32m+[0m [0m[1m[0mcreated_date[0m[0m             = (known after apply)
      [32m+[0m [0m[1m[0mdescription[0m[0m              = "API to access codingtips application"
      [32m+[0m [0m[1m[0mexecution_arn[0m[0m            = (known after apply)
      [32m+[0m [0m[1m[0mid[0m[0m                       = (known after apply)
      [32m+[0m [0m[1m[0mminimum_compression_size[0m[0m = -1
      [32m+[0m [0m[1m[0mname[0m[0m                     = "CodingTips-java-API"
      [32m+[0m [0m[1m[0mroot_resource_id[0m[0m         = (known after apply)

      [32m+[0m [0mendpoint_configuration {
          [32m+[0m [0m[1m[0mtypes[0m[0m = (known after apply)
        }
    }

[1m  # aws_iam_role.api_gateway_role[0m will be created[0m[0m
[0m[32m  +[0m [0mresource "aws_iam_role" "api_gateway_role" {
      [32m+[0m [0m[1m[0marn[0m[0m                   = (known after apply)
      [32m+[0m [0m[1m[0massume_role_policy[0m[0m    = jsonencode(
            {
              [32m+[0m [0mStatement = [
                  [32m+[0m [0m{
                      [32m+[0m [0mAction    = "sts:AssumeRole"
                      [32m+[0m [0mEffect    = "Allow"
                      [32m+[0m [0mPrincipal = {
                          [32m+[0m [0mService = "apigateway.amazonaws.com"
                        }
                      [32m+[0m [0mSid       = ""
                    },
                ]
              [32m+[0m [0mVersion   = "2012-10-17"
            }
        )
      [32m+[0m [0m[1m[0mcreate_date[0m[0m           = (known after apply)
      [32m+[0m [0m[1m[0mforce_detach_policies[0m[0m = false
      [32m+[0m [0m[1m[0mid[0m[0m                    = (known after apply)
      [32m+[0m [0m[1m[0mmax_session_duration[0m[0m  = 3600
      [32m+[0m [0m[1m[0mname[0m[0m                  = "CodingTips-java-api-gateway"
      [32m+[0m [0m[1m[0mpath[0m[0m                  = "/"
      [32m+[0m [0m[1m[0munique_id[0m[0m             = (known after apply)
    }

[1m  # aws_iam_role.cloudwatch_role[0m will be created[0m[0m
[0m[32m  +[0m [0mresource "aws_iam_role" "cloudwatch_role" {
      [32m+[0m [0m[1m[0marn[0m[0m                   = (known after apply)
      [32m+[0m [0m[1m[0massume_role_policy[0m[0m    = jsonencode(
            {
              [32m+[0m [0mStatement = [
                  [32m+[0m [0m{
                      [32m+[0m [0mAction    = "sts:AssumeRole"
                      [32m+[0m [0mEffect    = "Allow"
                      [32m+[0m [0mPrincipal = {
                          [32m+[0m [0mService = "logs.us-east-1.amazonaws.com"
                        }
                      [32m+[0m [0mSid       = ""
                    },
                ]
              [32m+[0m [0mVersion   = "2012-10-17"
            }
        )
      [32m+[0m [0m[1m[0mcreate_date[0m[0m           = (known after apply)
      [32m+[0m [0m[1m[0mforce_detach_policies[0m[0m = false
      [32m+[0m [0m[1m[0mid[0m[0m                    = (known after apply)
      [32m+[0m [0m[1m[0mmax_session_duration[0m[0m  = 3600
      [32m+[0m [0m[1m[0mname[0m[0m                  = "CodingTips-java-cloudwatch"
      [32m+[0m [0m[1m[0mpath[0m[0m                  = "/"
      [32m+[0m [0m[1m[0munique_id[0m[0m             = (known after apply)
    }

[1m  # aws_iam_role.lambda_role[0m will be created[0m[0m
[0m[32m  +[0m [0mresource "aws_iam_role" "lambda_role" {
      [32m+[0m [0m[1m[0marn[0m[0m                   = (known after apply)
      [32m+[0m [0m[1m[0massume_role_policy[0m[0m    = jsonencode(
            {
              [32m+[0m [0mStatement = [
                  [32m+[0m [0m{
                      [32m+[0m [0mAction    = "sts:AssumeRole"
                      [32m+[0m [0mEffect    = "Allow"
                      [32m+[0m [0mPrincipal = {
                          [32m+[0m [0mService = "lambda.amazonaws.com"
                        }
                      [32m+[0m [0mSid       = ""
                    },
                ]
              [32m+[0m [0mVersion   = "2012-10-17"
            }
        )
      [32m+[0m [0m[1m[0mcreate_date[0m[0m           = (known after apply)
      [32m+[0m [0m[1m[0mforce_detach_policies[0m[0m = false
      [32m+[0m [0m[1m[0mid[0m[0m                    = (known after apply)
      [32m+[0m [0m[1m[0mmax_session_duration[0m[0m  = 3600
      [32m+[0m [0m[1m[0mname[0m[0m                  = "CodingTips-java-lambda"
      [32m+[0m [0m[1m[0mpath[0m[0m                  = "/"
      [32m+[0m [0m[1m[0munique_id[0m[0m             = (known after apply)
    }

[1m  # aws_iam_role_policy.api-gateway-lambda-policy[0m will be created[0m[0m
[0m[32m  +[0m [0mresource "aws_iam_role_policy" "api-gateway-lambda-policy" {
      [32m+[0m [0m[1m[0mid[0m[0m     = (known after apply)
      [32m+[0m [0m[1m[0mname[0m[0m   = "CodingTips_api_gateway_lambda_policy"
      [32m+[0m [0m[1m[0mpolicy[0m[0m = jsonencode(
            {
              [32m+[0m [0mStatement = [
                  [32m+[0m [0m{
                      [32m+[0m [0mAction   = "lambda:InvokeFunction"
                      [32m+[0m [0mEffect   = "Allow"
                      [32m+[0m [0mResource = "*"
                    },
                ]
              [32m+[0m [0mVersion   = "2012-10-17"
            }
        )
      [32m+[0m [0m[1m[0mrole[0m[0m   = (known after apply)
    }

[1m  # aws_iam_role_policy.cloudwatch-lambda-policy[0m will be created[0m[0m
[0m[32m  +[0m [0mresource "aws_iam_role_policy" "cloudwatch-lambda-policy" {
      [32m+[0m [0m[1m[0mid[0m[0m     = (known after apply)
      [32m+[0m [0m[1m[0mname[0m[0m   = "CodingTips-cloudwatch-lambda-policy"
      [32m+[0m [0m[1m[0mpolicy[0m[0m = jsonencode(
            {
              [32m+[0m [0mStatement = [
                  [32m+[0m [0m{
                      [32m+[0m [0mAction   = [
                          [32m+[0m [0m"logs:PutLogEvents",
                          [32m+[0m [0m"logs:CreateLogStream",
                          [32m+[0m [0m"logs:CreateLogGroup",
                        ]
                      [32m+[0m [0mEffect   = "Allow"
                      [32m+[0m [0mResource = "arn:aws:logs:*:*:*"
                      [32m+[0m [0mSid      = ""
                    },
                ]
              [32m+[0m [0mVersion   = "2012-10-17"
            }
        )
      [32m+[0m [0m[1m[0mrole[0m[0m   = (known after apply)
    }

[1m  # aws_iam_role_policy.dynamodb-lambda-policy[0m will be created[0m[0m
[0m[32m  +[0m [0mresource "aws_iam_role_policy" "dynamodb-lambda-policy" {
      [32m+[0m [0m[1m[0mid[0m[0m     = (known after apply)
      [32m+[0m [0m[1m[0mname[0m[0m   = "CodingTips_dynamodb_lambda_policy"
      [32m+[0m [0m[1m[0mpolicy[0m[0m = jsonencode(
            {
              [32m+[0m [0mStatement = [
                  [32m+[0m [0m{
                      [32m+[0m [0mAction   = [
                          [32m+[0m [0m"dynamodb:*",
                        ]
                      [32m+[0m [0mEffect   = "Allow"
                      [32m+[0m [0mResource = "arn:aws:dynamodb:eu-west-2:735221941004:table/CodingTips-java-dynamodb"
                    },
                ]
              [32m+[0m [0mVersion   = "2012-10-17"
            }
        )
      [32m+[0m [0m[1m[0mrole[0m[0m   = (known after apply)
    }

[1m  # aws_iam_role_policy.dynamodb-stream-lambda-policy[0m will be created[0m[0m
[0m[32m  +[0m [0mresource "aws_iam_role_policy" "dynamodb-stream-lambda-policy" {
      [32m+[0m [0m[1m[0mid[0m[0m     = (known after apply)
      [32m+[0m [0m[1m[0mname[0m[0m   = "CodingTips_dynamodb_stream_lambda_policy"
      [32m+[0m [0m[1m[0mpolicy[0m[0m = jsonencode(
            {
              [32m+[0m [0mStatement = [
                  [32m+[0m [0m{
                      [32m+[0m [0mAction   = [
                          [32m+[0m [0m"dynamodb:DescribeStream",
                          [32m+[0m [0m"dynamodb:GetRecords",
                          [32m+[0m [0m"dynamodb:GetShardIterator",
                          [32m+[0m [0m"dynamodb:ListStreams",
                        ]
                      [32m+[0m [0mEffect   = "Allow"
                      [32m+[0m [0mResource = "arn:aws:dynamodb:eu-west-2:735221941004:table/CodingTips-java-dynamodb/stream/2019-10-30T09:45:04.930"
                    },
                ]
              [32m+[0m [0mVersion   = "2012-10-17"
            }
        )
      [32m+[0m [0m[1m[0mrole[0m[0m   = (known after apply)
    }

[1m  # aws_iam_role_policy_attachment.aws_xray_write_only_access[0m will be created[0m[0m
[0m[32m  +[0m [0mresource "aws_iam_role_policy_attachment" "aws_xray_write_only_access" {
      [32m+[0m [0m[1m[0mid[0m[0m         = (known after apply)
      [32m+[0m [0m[1m[0mpolicy_arn[0m[0m = "arn:aws:iam::aws:policy/AWSXrayWriteOnlyAccess"
      [32m+[0m [0m[1m[0mrole[0m[0m       = (known after apply)
    }

[1m  # aws_lambda_event_source_mapping.dynamodb-stream-invoke-listener-lambda[0m will be created[0m[0m
[0m[32m  +[0m [0mresource "aws_lambda_event_source_mapping" "dynamodb-stream-invoke-listener-lambda" {
      [32m+[0m [0m[1m[0mbatch_size[0m[0m              = 1
      [32m+[0m [0m[1m[0menabled[0m[0m                 = true
      [32m+[0m [0m[1m[0mevent_source_arn[0m[0m        = "arn:aws:dynamodb:eu-west-2:735221941004:table/CodingTips-java-dynamodb/stream/2019-10-30T09:45:04.930"
      [32m+[0m [0m[1m[0mfunction_arn[0m[0m            = (known after apply)
      [32m+[0m [0m[1m[0mfunction_name[0m[0m           = (known after apply)
      [32m+[0m [0m[1m[0mid[0m[0m                      = (known after apply)
      [32m+[0m [0m[1m[0mlast_modified[0m[0m           = (known after apply)
      [32m+[0m [0m[1m[0mlast_processing_result[0m[0m  = (known after apply)
      [32m+[0m [0m[1m[0mstarting_position[0m[0m       = "LATEST"
      [32m+[0m [0m[1m[0mstate[0m[0m                   = (known after apply)
      [32m+[0m [0m[1m[0mstate_transition_reason[0m[0m = (known after apply)
      [32m+[0m [0m[1m[0muuid[0m[0m                    = (known after apply)
    }

[1m  # aws_lambda_function.get-tips-lambda[0m will be created[0m[0m
[0m[32m  +[0m [0mresource "aws_lambda_function" "get-tips-lambda" {
      [32m+[0m [0m[1m[0marn[0m[0m                            = (known after apply)
      [32m+[0m [0m[1m[0mfilename[0m[0m                       = "../get-lambda/target/get-lambda-1.0.0-SNAPSHOT.jar"
      [32m+[0m [0m[1m[0mfunction_name[0m[0m                  = "CodingTips-java-get"
      [32m+[0m [0m[1m[0mhandler[0m[0m                        = "GetLambda::handleRequest"
      [32m+[0m [0m[1m[0mid[0m[0m                             = (known after apply)
      [32m+[0m [0m[1m[0minvoke_arn[0m[0m                     = (known after apply)
      [32m+[0m [0m[1m[0mlast_modified[0m[0m                  = (known after apply)
      [32m+[0m [0m[1m[0mmemory_size[0m[0m                    = 512
      [32m+[0m [0m[1m[0mpublish[0m[0m                        = false
      [32m+[0m [0m[1m[0mqualified_arn[0m[0m                  = (known after apply)
      [32m+[0m [0m[1m[0mreserved_concurrent_executions[0m[0m = -1
      [32m+[0m [0m[1m[0mrole[0m[0m                           = (known after apply)
      [32m+[0m [0m[1m[0mruntime[0m[0m                        = "java8"
      [32m+[0m [0m[1m[0msource_code_hash[0m[0m               = "7umT/eAgCGk6PHkBXHEM6F4tJkolYAkOcf9CckgEaTU="
      [32m+[0m [0m[1m[0msource_code_size[0m[0m               = (known after apply)
      [32m+[0m [0m[1m[0mtimeout[0m[0m                        = 30
      [32m+[0m [0m[1m[0mversion[0m[0m                        = (known after apply)

      [32m+[0m [0menvironment {
          [32m+[0m [0m[1m[0mvariables[0m[0m = {
              [32m+[0m [0m"REGION"    = "eu-west-2"
              [32m+[0m [0m"SCANLIMIT" = "100"
            }
        }

      [32m+[0m [0mtracing_config {
          [32m+[0m [0m[1m[0mmode[0m[0m = "Active"
        }
    }

[1m  # aws_lambda_function.post-tips-lambda[0m will be created[0m[0m
[0m[32m  +[0m [0mresource "aws_lambda_function" "post-tips-lambda" {
      [32m+[0m [0m[1m[0marn[0m[0m                            = (known after apply)
      [32m+[0m [0m[1m[0mfilename[0m[0m                       = "../post-lambda/target/post-lambda-1.0.0-SNAPSHOT.jar"
      [32m+[0m [0m[1m[0mfunction_name[0m[0m                  = "CodingTips-java-post"
      [32m+[0m [0m[1m[0mhandler[0m[0m                        = "PostLambda::handleRequest"
      [32m+[0m [0m[1m[0mid[0m[0m                             = (known after apply)
      [32m+[0m [0m[1m[0minvoke_arn[0m[0m                     = (known after apply)
      [32m+[0m [0m[1m[0mlast_modified[0m[0m                  = (known after apply)
      [32m+[0m [0m[1m[0mmemory_size[0m[0m                    = 512
      [32m+[0m [0m[1m[0mpublish[0m[0m                        = false
      [32m+[0m [0m[1m[0mqualified_arn[0m[0m                  = (known after apply)
      [32m+[0m [0m[1m[0mreserved_concurrent_executions[0m[0m = -1
      [32m+[0m [0m[1m[0mrole[0m[0m                           = (known after apply)
      [32m+[0m [0m[1m[0mruntime[0m[0m                        = "java8"
      [32m+[0m [0m[1m[0msource_code_hash[0m[0m               = "BsqqgztLAxu3UTWmFkFLq4K0+zzcuj6HybZbAHTlCxA="
      [32m+[0m [0m[1m[0msource_code_size[0m[0m               = (known after apply)
      [32m+[0m [0m[1m[0mtimeout[0m[0m                        = 30
      [32m+[0m [0m[1m[0mversion[0m[0m                        = (known after apply)

      [32m+[0m [0menvironment {
          [32m+[0m [0m[1m[0mvariables[0m[0m = {
              [32m+[0m [0m"REGION"    = "eu-west-2"
              [32m+[0m [0m"SCANLIMIT" = "100"
            }
        }

      [32m+[0m [0mtracing_config {
          [32m+[0m [0m[1m[0mmode[0m[0m = "Active"
        }
    }

[1m  # aws_lambda_function.tips-stream-listener-tips-lambda[0m will be created[0m[0m
[0m[32m  +[0m [0mresource "aws_lambda_function" "tips-stream-listener-tips-lambda" {
      [32m+[0m [0m[1m[0marn[0m[0m                            = (known after apply)
      [32m+[0m [0m[1m[0mfilename[0m[0m                       = "../tips-stream-listener-lambda/target/tips-stream-listener-lambda-1.0.0-SNAPSHOT.jar"
      [32m+[0m [0m[1m[0mfunction_name[0m[0m                  = "CodingTips-java-tips-stream-listener"
      [32m+[0m [0m[1m[0mhandler[0m[0m                        = "TipsStreamListenerLambda::handleRequest"
      [32m+[0m [0m[1m[0mid[0m[0m                             = (known after apply)
      [32m+[0m [0m[1m[0minvoke_arn[0m[0m                     = (known after apply)
      [32m+[0m [0m[1m[0mlast_modified[0m[0m                  = (known after apply)
      [32m+[0m [0m[1m[0mmemory_size[0m[0m                    = 512
      [32m+[0m [0m[1m[0mpublish[0m[0m                        = false
      [32m+[0m [0m[1m[0mqualified_arn[0m[0m                  = (known after apply)
      [32m+[0m [0m[1m[0mreserved_concurrent_executions[0m[0m = -1
      [32m+[0m [0m[1m[0mrole[0m[0m                           = (known after apply)
      [32m+[0m [0m[1m[0mruntime[0m[0m                        = "java8"
      [32m+[0m [0m[1m[0msource_code_hash[0m[0m               = "blkmmK0YKGRZ+gJs4lhQgMnT2LPNSDiCqsr5rJnzJLc="
      [32m+[0m [0m[1m[0msource_code_size[0m[0m               = (known after apply)
      [32m+[0m [0m[1m[0mtimeout[0m[0m                        = 30
      [32m+[0m [0m[1m[0mversion[0m[0m                        = (known after apply)

      [32m+[0m [0menvironment {
          [32m+[0m [0m[1m[0mvariables[0m[0m = {
              [32m+[0m [0m"REGION" = "eu-west-2"
            }
        }

      [32m+[0m [0mtracing_config {
          [32m+[0m [0m[1m[0mmode[0m[0m = "Active"
        }
    }

[1m  # aws_lambda_permission.api-gateway-invoke-get-lambda[0m will be created[0m[0m
[0m[32m  +[0m [0mresource "aws_lambda_permission" "api-gateway-invoke-get-lambda" {
      [32m+[0m [0m[1m[0maction[0m[0m        = "lambda:InvokeFunction"
      [32m+[0m [0m[1m[0mfunction_name[0m[0m = (known after apply)
      [32m+[0m [0m[1m[0mid[0m[0m            = (known after apply)
      [32m+[0m [0m[1m[0mprincipal[0m[0m     = "apigateway.amazonaws.com"
      [32m+[0m [0m[1m[0msource_arn[0m[0m    = (known after apply)
      [32m+[0m [0m[1m[0mstatement_id[0m[0m  = "AllowAPIGatewayInvoke"
    }

[1m  # aws_lambda_permission.api-gateway-invoke-post-lambda[0m will be created[0m[0m
[0m[32m  +[0m [0mresource "aws_lambda_permission" "api-gateway-invoke-post-lambda" {
      [32m+[0m [0m[1m[0maction[0m[0m        = "lambda:InvokeFunction"
      [32m+[0m [0m[1m[0mfunction_name[0m[0m = (known after apply)
      [32m+[0m [0m[1m[0mid[0m[0m            = (known after apply)
      [32m+[0m [0m[1m[0mprincipal[0m[0m     = "apigateway.amazonaws.com"
      [32m+[0m [0m[1m[0msource_arn[0m[0m    = (known after apply)
      [32m+[0m [0m[1m[0mstatement_id[0m[0m  = "AllowAPIGatewayInvoke"
    }

[0m[1mPlan:[0m 17 to add, 0 to change, 0 to destroy.[0m

------------------------------------------------------------------------

Note: You didn't specify an "-out" parameter to save this plan, so Terraform
can't guarantee that exactly these actions will be performed if
"terraform apply" is subsequently run.

Releasing state lock. This may take a few moments...
